{
  "originHash" : "54a67dc28acd41de6760f996d840e9e79efd17a90f90baf6736f9796d9f32a4e",
  "pins" : [
    {
      "identity" : "keyboardshortcuts",
      "kind" : "remoteSourceControl",
      "location" : "https://github.com/sindresorhus/KeyboardShortcuts",
      "state" : {
        "revision" : "1aef85578fdd4f9eaeeb8d53b7b4fc31bf08fe27",
        "version" : "2.4.0"
      }
    },
    {
      "identity" : "sparkle",
      "kind" : "remoteSourceControl",
      "location" : "https://github.com/sparkle-project/Sparkle",
      "state" : {
        "revision" : "066e75a8b3e99962685d6a90cdd5293ebffd9261",
        "version" : "2.9.1"
      }
    },
    {
      "identity" : "tomldecoder",
      "kind" : "remoteSourceControl",
      "location" : "https://github.com/dduan/TOMLDecoder",
      "state" : {
        "revision" : "fa1103a62b1c08cc08eabc58dda8b55887ff1622",
        "version" : "0.4.4"
      }
    }
  ],
  "version" : 3
}
