// !$*UTF8*$!
{
	archiveVersion = 1;
	classes = {
	};
	objectVersion = 56;
	objects = {

/* Begin PBXBuildFile section */
		9C7FB5862F422A830090B18A /* KeyboardShortcuts in Frameworks */ = {isa = PBXBuildFile; productRef = 9C7FB52D2F3A0CEA0090B18A /* KeyboardShortcuts */; };
		9C7FB58D2F422D1E0090B18A /* Sparkle in Frameworks */ = {isa = PBXBuildFile; productRef = 9C7FB58C2F422D1E0090B18A /* Sparkle */; };
		TOMLDEC0100000000000001 /* TOMLDecoder in Frameworks */ = {isa = PBXBuildFile; productRef = TOMLDEC0300000000000001 /* TOMLDecoder */; };
		TOMLDEC0100000000000002 /* TOMLDecoder in Frameworks */ = {isa = PBXBuildFile; productRef = TOMLDEC0300000000000002 /* TOMLDecoder */; };
		A10000010000000000000001 /* CctopApp.swift in Sources */ = {isa = PBXBuildFile; fileRef = A10000020000000000000001 /* CctopApp.swift */; };
		AC0000010000000000000001 /* Assets.xcassets in Resources */ = {isa = PBXBuildFile; fileRef = AC0000020000000000000001 /* Assets.xcassets */; };
		B10000010000000000000001 /* Session.swift in Sources */ = {isa = PBXBuildFile; fileRef = B10000020000000000000001 /* Session.swift */; };
		B10000030000000000000001 /* SessionStatus.swift in Sources */ = {isa = PBXBuildFile; fileRef = B10000040000000000000001 /* SessionStatus.swift */; };
		C10000010000000000000001 /* SessionManager.swift in Sources */ = {isa = PBXBuildFile; fileRef = C10000020000000000000001 /* SessionManager.swift */; };
		D10000010000000000000001 /* StatusChip.swift in Sources */ = {isa = PBXBuildFile; fileRef = D10000020000000000000001 /* StatusChip.swift */; };
		D10000030000000000000001 /* HeaderView.swift in Sources */ = {isa = PBXBuildFile; fileRef = D10000040000000000000001 /* HeaderView.swift */; };
		D10000050000000000000001 /* SessionCardView.swift in Sources */ = {isa = PBXBuildFile; fileRef = D10000060000000000000001 /* SessionCardView.swift */; };
		SBV000010000000000000001 /* SourceBadgeView.swift in Sources */ = {isa = PBXBuildFile; fileRef = SBV000020000000000000001 /* SourceBadgeView.swift */; };
		D10000070000000000000001 /* PopupView.swift in Sources */ = {isa = PBXBuildFile; fileRef = D10000080000000000000001 /* PopupView.swift */; };
		PVH000010000000000000001 /* PopupViewHelpers.swift in Sources */ = {isa = PBXBuildFile; fileRef = PVH000020000000000000001 /* PopupViewHelpers.swift */; };
		D10000090000000000000001 /* QuitButton.swift in Sources */ = {isa = PBXBuildFile; fileRef = D1000000A000000000000001 /* QuitButton.swift */; };
		E10000010000000000000001 /* FocusTerminal.swift in Sources */ = {isa = PBXBuildFile; fileRef = E10000020000000000000001 /* FocusTerminal.swift */; };
		EK0000010000000000000001 /* HostApp.swift in Sources */ = {isa = PBXBuildFile; fileRef = EK0000020000000000000001 /* HostApp.swift */; };
		F10000010000000000000001 /* Session+Mock.swift in Sources */ = {isa = PBXBuildFile; fileRef = F10000020000000000000001 /* Session+Mock.swift */; };
		FK0000010000000000000001 /* ForkSessionTests.swift in Sources */ = {isa = PBXBuildFile; fileRef = FK0000020000000000000001 /* ForkSessionTests.swift */; };
		FT0000010000000000000001 /* WorkspaceFileTests.swift in Sources */ = {isa = PBXBuildFile; fileRef = FT0000020000000000000001 /* WorkspaceFileTests.swift */; };
		FT0000010000000000000002 /* FocusTerminalTests.swift in Sources */ = {isa = PBXBuildFile; fileRef = FT0000020000000000000002 /* FocusTerminalTests.swift */; };
		HMT000010000000000000001 /* HistoryManagerTests.swift in Sources */ = {isa = PBXBuildFile; fileRef = HMT000020000000000000001 /* HistoryManagerTests.swift */; };
		JMT000010000000000000001 /* NavigateControllerTests.swift in Sources */ = {isa = PBXBuildFile; fileRef = JMT000020000000000000001 /* NavigateControllerTests.swift */; };
		G10000010000000000000001 /* FloatingPanel.swift in Sources */ = {isa = PBXBuildFile; fileRef = G10000020000000000000001 /* FloatingPanel.swift */; };
		G10000030000000000000001 /* AppDelegate.swift in Sources */ = {isa = PBXBuildFile; fileRef = G10000040000000000000001 /* AppDelegate.swift */; };
		H10000010000000000000001 /* AppSettings.swift in Sources */ = {isa = PBXBuildFile; fileRef = H10000020000000000000001 /* AppSettings.swift */; };
		FX0000010000000000000001 /* HookInputTests.swift in Sources */ = {isa = PBXBuildFile; fileRef = FX0000020000000000000001 /* HookInputTests.swift */; };
		CPT000010000000000000001 /* CodexPluginInstallerTests.swift in Sources */ = {isa = PBXBuildFile; fileRef = CPT000020000000000000001 /* CodexPluginInstallerTests.swift */; };
		CIMT00010000000000000001 /* CodexIntegrationManagerTests.swift in Sources */ = {isa = PBXBuildFile; fileRef = CIMT00020000000000000001 /* CodexIntegrationManagerTests.swift */; };
		CPTOML010000000000000001 /* CodexPluginTomlTests.swift in Sources */ = {isa = PBXBuildFile; fileRef = CPTOML020000000000000001 /* CodexPluginTomlTests.swift */; };
		PMCCD0010000000000000001 /* PluginManagerCcDetectionTests.swift in Sources */ = {isa = PBXBuildFile; fileRef = PMCCD0020000000000000001 /* PluginManagerCcDetectionTests.swift */; };
		FX0000030000000000000001 /* HookInput.swift in Sources */ = {isa = PBXBuildFile; fileRef = P10000040000000000000001 /* HookInput.swift */; };
		HH0000010000000000000001 /* HookHandlerTests.swift in Sources */ = {isa = PBXBuildFile; fileRef = HH0000020000000000000001 /* HookHandlerTests.swift */; };
		HH0000030000000000000001 /* HookHandler.swift in Sources */ = {isa = PBXBuildFile; fileRef = P10000060000000000000001 /* HookHandler.swift */; };
		HH0000050000000000000001 /* HookLogger.swift in Sources */ = {isa = PBXBuildFile; fileRef = P10000080000000000000001 /* HookLogger.swift */; };
		HD0000010000000000000001 /* HookDependencies.swift in Sources */ = {isa = PBXBuildFile; fileRef = HD0000030000000000000001 /* HookDependencies.swift */; };
		HD0000020000000000000001 /* HookDependencies.swift in Sources */ = {isa = PBXBuildFile; fileRef = HD0000030000000000000001 /* HookDependencies.swift */; };
		HT0000010000000000000001 /* HookEventTests.swift in Sources */ = {isa = PBXBuildFile; fileRef = HT0000020000000000000001 /* HookEventTests.swift */; };
		J10000010000000000000001 /* SettingsSection.swift in Sources */ = {isa = PBXBuildFile; fileRef = J10000020000000000000001 /* SettingsSection.swift */; };
		CDXROW010000000000000001 /* CodexPluginRowView.swift in Sources */ = {isa = PBXBuildFile; fileRef = CDXROW020000000000000001 /* CodexPluginRowView.swift */; };
		ATH000010000000000000001 /* AppTheme.swift in Sources */ = {isa = PBXBuildFile; fileRef = ATH000020000000000000001 /* AppTheme.swift */; };
		AGB000010000000000000001 /* AgentBadge.swift in Sources */ = {isa = PBXBuildFile; fileRef = AGB000020000000000000001 /* AgentBadge.swift */; };
		TMG000010000000000000001 /* ThemeManager.swift in Sources */ = {isa = PBXBuildFile; fileRef = TMG000020000000000000001 /* ThemeManager.swift */; };
		K10000010000000000000001 /* Color+Theme.swift in Sources */ = {isa = PBXBuildFile; fileRef = K10000020000000000000001 /* Color+Theme.swift */; };
		L10000010000000000000001 /* EmptyStateView.swift in Sources */ = {isa = PBXBuildFile; fileRef = L10000020000000000000001 /* EmptyStateView.swift */; };
		N10000010000000000000001 /* SessionStatus+UI.swift in Sources */ = {isa = PBXBuildFile; fileRef = N10000020000000000000001 /* SessionStatus+UI.swift */; };
		AB0000010000000000000001 /* AboutView.swift in Sources */ = {isa = PBXBuildFile; fileRef = AB0000020000000000000001 /* AboutView.swift */; };
		MIR000010000000000000001 /* MenubarIconRenderer.swift in Sources */ = {isa = PBXBuildFile; fileRef = MIR000020000000000000001 /* MenubarIconRenderer.swift */; };
		OB0000010000000000000001 /* OpenCodeBanner.swift in Sources */ = {isa = PBXBuildFile; fileRef = OB0000020000000000000001 /* OpenCodeBanner.swift */; };
		RP0000010000000000000001 /* RecentProject.swift in Sources */ = {isa = PBXBuildFile; fileRef = RP0000020000000000000001 /* RecentProject.swift */; };
		RPM000010000000000000001 /* RecentProject+Mock.swift in Sources */ = {isa = PBXBuildFile; fileRef = RPM000020000000000000001 /* RecentProject+Mock.swift */; };
		RV0000010000000000000001 /* RecentProjectCardView.swift in Sources */ = {isa = PBXBuildFile; fileRef = RV0000020000000000000001 /* RecentProjectCardView.swift */; };
		N10000030000000000000001 /* HookEvent.swift in Sources */ = {isa = PBXBuildFile; fileRef = N10000040000000000000001 /* HookEvent.swift */; };
		N10000050000000000000001 /* Config.swift in Sources */ = {isa = PBXBuildFile; fileRef = N10000060000000000000001 /* Config.swift */; };
		P1000000A000000000000001 /* SessionStatus.swift in Sources */ = {isa = PBXBuildFile; fileRef = B10000040000000000000001 /* SessionStatus.swift */; };
		P1000000B000000000000001 /* HookEvent.swift in Sources */ = {isa = PBXBuildFile; fileRef = N10000040000000000000001 /* HookEvent.swift */; };
		P1000000C000000000000001 /* Config.swift in Sources */ = {isa = PBXBuildFile; fileRef = N10000060000000000000001 /* Config.swift */; };
		P10000010000000000000001 /* HookMain.swift in Sources */ = {isa = PBXBuildFile; fileRef = P10000020000000000000001 /* HookMain.swift */; };
		P10000030000000000000001 /* HookInput.swift in Sources */ = {isa = PBXBuildFile; fileRef = P10000040000000000000001 /* HookInput.swift */; };
		P10000050000000000000001 /* HookHandler.swift in Sources */ = {isa = PBXBuildFile; fileRef = P10000060000000000000001 /* HookHandler.swift */; };
		P10000070000000000000001 /* HookLogger.swift in Sources */ = {isa = PBXBuildFile; fileRef = P10000080000000000000001 /* HookLogger.swift */; };
		P10000090000000000000001 /* Session.swift in Sources */ = {isa = PBXBuildFile; fileRef = B10000020000000000000001 /* Session.swift */; };
		HM0000010000000000000001 /* HistoryManager.swift in Sources */ = {isa = PBXBuildFile; fileRef = HM0000020000000000000001 /* HistoryManager.swift */; };
		JM0000010000000000000001 /* NavigateController.swift in Sources */ = {isa = PBXBuildFile; fileRef = JM0000020000000000000001 /* NavigateController.swift */; };
		PC0000010000000000000001 /* PanelCoordinator.swift in Sources */ = {isa = PBXBuildFile; fileRef = PC0000020000000000000001 /* PanelCoordinator.swift */; };
		PM0000010000000000000001 /* PluginManager.swift in Sources */ = {isa = PBXBuildFile; fileRef = PM0000020000000000000001 /* PluginManager.swift */; };
		CIM000010000000000000001 /* CodexIntegrationManager.swift in Sources */ = {isa = PBXBuildFile; fileRef = CIM000020000000000000001 /* CodexIntegrationManager.swift */; };
		CSF000010000000000000001 /* CodexSetupFlow.swift in Sources */ = {isa = PBXBuildFile; fileRef = CSF000020000000000000001 /* CodexSetupFlow.swift */; };
		CPI000010000000000000001 /* CodexPluginInstaller.swift in Sources */ = {isa = PBXBuildFile; fileRef = CPI000020000000000000001 /* CodexPluginInstaller.swift */; };
		CCT000010000000000000001 /* CodexConfigToml.swift in Sources */ = {isa = PBXBuildFile; fileRef = CCT000020000000000000001 /* CodexConfigToml.swift */; };
		CCTHK001000000000000001 /* CodexConfigToml.swift in Sources */ = {isa = PBXBuildFile; fileRef = CCT000020000000000000001 /* CodexConfigToml.swift */; };
		Q10000010000000000000001 /* QASnapshotTests.swift in Sources */ = {isa = PBXBuildFile; fileRef = Q10000020000000000000001 /* QASnapshotTests.swift */; };
		SN0000010000000000000001 /* SessionNameLookup.swift in Sources */ = {isa = PBXBuildFile; fileRef = SN0000020000000000000001 /* SessionNameLookup.swift */; };
		SN0000030000000000000001 /* SessionNameLookupTests.swift in Sources */ = {isa = PBXBuildFile; fileRef = SN0000040000000000000001 /* SessionNameLookupTests.swift */; };
		SN0000050000000000000001 /* SessionNameLookup.swift in Sources */ = {isa = PBXBuildFile; fileRef = SN0000020000000000000001 /* SessionNameLookup.swift */; };
		SP0000010000000000000001 /* SparkleUpdater.swift in Sources */ = {isa = PBXBuildFile; fileRef = SP0000020000000000000001 /* SparkleUpdater.swift */; };
		T10000010000000000000001 /* SessionTests.swift in Sources */ = {isa = PBXBuildFile; fileRef = T10000020000000000000001 /* SessionTests.swift */; };
		SFF000010000000000000001 /* SessionFileFormatTests.swift in Sources */ = {isa = PBXBuildFile; fileRef = SFF000020000000000000001 /* SessionFileFormatTests.swift */; };
		AGT000010000000000000001 /* AgentBadgeTests.swift in Sources */ = {isa = PBXBuildFile; fileRef = AGT000020000000000000001 /* AgentBadgeTests.swift */; };
		QSC000010000000000000001 /* QaShowcaseCoverageTests.swift in Sources */ = {isa = PBXBuildFile; fileRef = QSC000020000000000000001 /* QaShowcaseCoverageTests.swift */; };
		T10000030000000000000001 /* SessionStatusTests.swift in Sources */ = {isa = PBXBuildFile; fileRef = T10000040000000000000001 /* SessionStatusTests.swift */; };
		T10000050000000000000002 /* SnapshotTests.swift in Sources */ = {isa = PBXBuildFile; fileRef = T10000060000000000000002 /* SnapshotTests.swift */; };
		T10000070000000000000002 /* AppSettingsTests.swift in Sources */ = {isa = PBXBuildFile; fileRef = T10000080000000000000002 /* AppSettingsTests.swift */; };
		PT0000010000000000000001 /* PanelToggleTests.swift in Sources */ = {isa = PBXBuildFile; fileRef = PT0000020000000000000001 /* PanelToggleTests.swift */; };
		PCT000010000000000000001 /* PanelCoordinatorTests.swift in Sources */ = {isa = PBXBuildFile; fileRef = PCT000020000000000000001 /* PanelCoordinatorTests.swift */; };
		NSN000010000000000000001 /* NSScreen+Notch.swift in Sources */ = {isa = PBXBuildFile; fileRef = NSN000020000000000000001 /* NSScreen+Notch.swift */; };
		NPB000010000000000000001 /* NSPasteboard+Copy.swift in Sources */ = {isa = PBXBuildFile; fileRef = NPB000020000000000000001 /* NSPasteboard+Copy.swift */; };
		NSP000010000000000000001 /* NotchStatusPanel.swift in Sources */ = {isa = PBXBuildFile; fileRef = NSP000020000000000000001 /* NotchStatusPanel.swift */; };
		NSV000010000000000000001 /* NotchStatusView.swift in Sources */ = {isa = PBXBuildFile; fileRef = NSV000020000000000000001 /* NotchStatusView.swift */; };
		NSC000010000000000000001 /* NotchStatusController.swift in Sources */ = {isa = PBXBuildFile; fileRef = NSC000020000000000000001 /* NotchStatusController.swift */; };
		STC000010000000000000001 /* StatusColors.swift in Sources */ = {isa = PBXBuildFile; fileRef = STC000020000000000000001 /* StatusColors.swift */; };
		SDP000010000000000000001 /* SessionDisplayPolicy.swift in Sources */ = {isa = PBXBuildFile; fileRef = SDP000020000000000000001 /* SessionDisplayPolicy.swift */; };
		SCN000010000000000000001 /* StatusCounts.swift in Sources */ = {isa = PBXBuildFile; fileRef = SCN000020000000000000001 /* StatusCounts.swift */; };
		MRT000010000000000000001 /* MenubarIconRendererTests.swift in Sources */ = {isa = PBXBuildFile; fileRef = MRT000020000000000000001 /* MenubarIconRendererTests.swift */; };
		SCT000010000000000000001 /* StatusCountsTests.swift in Sources */ = {isa = PBXBuildFile; fileRef = SCT000020000000000000001 /* StatusCountsTests.swift */; };
		HVT000010000000000000001 /* StatusCountsSessionInitTests.swift in Sources */ = {isa = PBXBuildFile; fileRef = HVT000020000000000000001 /* StatusCountsSessionInitTests.swift */; };
		SDPT00010000000000000001 /* SessionDisplayPolicyTests.swift in Sources */ = {isa = PBXBuildFile; fileRef = SDPT00020000000000000001 /* SessionDisplayPolicyTests.swift */; };
		NVT000010000000000000001 /* NotchVisibilityTests.swift in Sources */ = {isa = PBXBuildFile; fileRef = NVT000020000000000000001 /* NotchVisibilityTests.swift */; };
		PPO000010000000000000001 /* PanelPositioning.swift in Sources */ = {isa = PBXBuildFile; fileRef = PPO000020000000000000001 /* PanelPositioning.swift */; };
		PLT000010000000000000001 /* PanelLifecycleTests.swift in Sources */ = {isa = PBXBuildFile; fileRef = PLT000020000000000000001 /* PanelLifecycleTests.swift */; };
		PPT000010000000000000001 /* PanelPositioningTests.swift in Sources */ = {isa = PBXBuildFile; fileRef = PPT000020000000000000001 /* PanelPositioningTests.swift */; };
		FST000010000000000000001 /* FocusStrategyTests.swift in Sources */ = {isa = PBXBuildFile; fileRef = FST000020000000000000001 /* FocusStrategyTests.swift */; };
		MFT000010000000000000001 /* MultiplexerFocusTests.swift in Sources */ = {isa = PBXBuildFile; fileRef = MFT000020000000000000001 /* MultiplexerFocusTests.swift */; };
		TMT000010000000000000001 /* ThemeManagerTests.swift in Sources */ = {isa = PBXBuildFile; fileRef = TMT000020000000000000001 /* ThemeManagerTests.swift */; };
		SLP000010000000000000001 /* SessionLifecyclePolicy.swift in Sources */ = {isa = PBXBuildFile; fileRef = SLP000020000000000000001 /* SessionLifecyclePolicy.swift */; };
		SIP000010000000000000001 /* SessionIdentityPolicy.swift in Sources */ = {isa = PBXBuildFile; fileRef = SIP000020000000000000001 /* SessionIdentityPolicy.swift */; };
		DCL000010000000000000001 /* DesktopAppConnectionLookup.swift in Sources */ = {isa = PBXBuildFile; fileRef = DCL000020000000000000001 /* DesktopAppConnectionLookup.swift */; };
		CTA000010000000000000001 /* CodexThreadArchiveLookup.swift in Sources */ = {isa = PBXBuildFile; fileRef = CTA000020000000000000001 /* CodexThreadArchiveLookup.swift */; };
		CTP000010000000000000001 /* CodexThreadArchiveLookup+Placement.swift in Sources */ = {isa = PBXBuildFile; fileRef = CTP000020000000000000001 /* CodexThreadArchiveLookup+Placement.swift */; };
		CTS000010000000000000001 /* CodexThreadStateTypes.swift in Sources */ = {isa = PBXBuildFile; fileRef = CTS000020000000000000001 /* CodexThreadStateTypes.swift */; };
		CDA000010000000000000001 /* ClaudeDesktopSessionArchiveLookup.swift in Sources */ = {isa = PBXBuildFile; fileRef = CDA000020000000000000001 /* ClaudeDesktopSessionArchiveLookup.swift */; };
		CDRP00010000000000000001 /* CodexDesktopRuntimeProbe.swift in Sources */ = {isa = PBXBuildFile; fileRef = CDRP00020000000000000001 /* CodexDesktopRuntimeProbe.swift */; };
		SMA000010000000000000001 /* SessionManager+Archive.swift in Sources */ = {isa = PBXBuildFile; fileRef = SMA000020000000000000001 /* SessionManager+Archive.swift */; };
		SML000010000000000000001 /* SessionManager+Loading.swift in Sources */ = {isa = PBXBuildFile; fileRef = SML000020000000000000001 /* SessionManager+Loading.swift */; };
/* End PBXBuildFile section */

/* Begin PBXContainerItemProxy section */
		T10000050000000000000001 /* PBXContainerItemProxy */ = {
			isa = PBXContainerItemProxy;
			containerPortal = A1000000E000000000000001 /* Project object */;
			proxyType = 1;
			remoteGlobalIDString = A1000000B000000000000001;
			remoteInfo = CctopMenubar;
		};
/* End PBXContainerItemProxy section */

/* Begin PBXFileReference section */
		A10000020000000000000001 /* CctopApp.swift */ = {isa = PBXFileReference; lastKnownFileType = sourcecode.swift; path = CctopApp.swift; sourceTree = "<group>"; };
		A10000030000000000000001 /* CctopMenubar.app */ = {isa = PBXFileReference; explicitFileType = wrapper.application; includeInIndex = 0; path = CctopMenubar.app; sourceTree = BUILT_PRODUCTS_DIR; };
		AC0000020000000000000001 /* Assets.xcassets */ = {isa = PBXFileReference; lastKnownFileType = folder.assetcatalog; path = Assets.xcassets; sourceTree = "<group>"; };
		B10000020000000000000001 /* Session.swift */ = {isa = PBXFileReference; lastKnownFileType = sourcecode.swift; path = Session.swift; sourceTree = "<group>"; };
		B10000040000000000000001 /* SessionStatus.swift */ = {isa = PBXFileReference; lastKnownFileType = sourcecode.swift; path = SessionStatus.swift; sourceTree = "<group>"; };
		C10000020000000000000001 /* SessionManager.swift */ = {isa = PBXFileReference; lastKnownFileType = sourcecode.swift; path = SessionManager.swift; sourceTree = "<group>"; };
		SLP000020000000000000001 /* SessionLifecyclePolicy.swift */ = {isa = PBXFileReference; lastKnownFileType = sourcecode.swift; path = SessionLifecyclePolicy.swift; sourceTree = "<group>"; };
		SIP000020000000000000001 /* SessionIdentityPolicy.swift */ = {isa = PBXFileReference; lastKnownFileType = sourcecode.swift; path = SessionIdentityPolicy.swift; sourceTree = "<group>"; };
		DCL000020000000000000001 /* DesktopAppConnectionLookup.swift */ = {isa = PBXFileReference; lastKnownFileType = sourcecode.swift; path = DesktopAppConnectionLookup.swift; sourceTree = "<group>"; };
		CTA000020000000000000001 /* CodexThreadArchiveLookup.swift */ = {isa = PBXFileReference; lastKnownFileType = sourcecode.swift; path = CodexThreadArchiveLookup.swift; sourceTree = "<group>"; };
		CTP000020000000000000001 /* CodexThreadArchiveLookup+Placement.swift */ = {isa = PBXFileReference; lastKnownFileType = sourcecode.swift; path = "CodexThreadArchiveLookup+Placement.swift"; sourceTree = "<group>"; };
		CTS000020000000000000001 /* CodexThreadStateTypes.swift */ = {isa = PBXFileReference; lastKnownFileType = sourcecode.swift; path = CodexThreadStateTypes.swift; sourceTree = "<group>"; };
		CDA000020000000000000001 /* ClaudeDesktopSessionArchiveLookup.swift */ = {isa = PBXFileReference; lastKnownFileType = sourcecode.swift; path = ClaudeDesktopSessionArchiveLookup.swift; sourceTree = "<group>"; };
		CDRP00020000000000000001 /* CodexDesktopRuntimeProbe.swift */ = {isa = PBXFileReference; lastKnownFileType = sourcecode.swift; path = CodexDesktopRuntimeProbe.swift; sourceTree = "<group>"; };
		SMA000020000000000000001 /* SessionManager+Archive.swift */ = {isa = PBXFileReference; lastKnownFileType = sourcecode.swift; path = "SessionManager+Archive.swift"; sourceTree = "<group>"; };
		SML000020000000000000001 /* SessionManager+Loading.swift */ = {isa = PBXFileReference; lastKnownFileType = sourcecode.swift; path = "SessionManager+Loading.swift"; sourceTree = "<group>"; };
		D1000000A000000000000001 /* QuitButton.swift */ = {isa = PBXFileReference; lastKnownFileType = sourcecode.swift; path = QuitButton.swift; sourceTree = "<group>"; };
		D10000020000000000000001 /* StatusChip.swift */ = {isa = PBXFileReference; lastKnownFileType = sourcecode.swift; path = StatusChip.swift; sourceTree = "<group>"; };
		D10000040000000000000001 /* HeaderView.swift */ = {isa = PBXFileReference; lastKnownFileType = sourcecode.swift; path = HeaderView.swift; sourceTree = "<group>"; };
		D10000060000000000000001 /* SessionCardView.swift */ = {isa = PBXFileReference; lastKnownFileType = sourcecode.swift; path = SessionCardView.swift; sourceTree = "<group>"; };
		SBV000020000000000000001 /* SourceBadgeView.swift */ = {isa = PBXFileReference; lastKnownFileType = sourcecode.swift; path = SourceBadgeView.swift; sourceTree = "<group>"; };
		D10000080000000000000001 /* PopupView.swift */ = {isa = PBXFileReference; lastKnownFileType = sourcecode.swift; path = PopupView.swift; sourceTree = "<group>"; };
		PVH000020000000000000001 /* PopupViewHelpers.swift */ = {isa = PBXFileReference; lastKnownFileType = sourcecode.swift; path = PopupViewHelpers.swift; sourceTree = "<group>"; };
		E10000020000000000000001 /* FocusTerminal.swift */ = {isa = PBXFileReference; lastKnownFileType = sourcecode.swift; path = FocusTerminal.swift; sourceTree = "<group>"; };
		EK0000020000000000000001 /* HostApp.swift */ = {isa = PBXFileReference; lastKnownFileType = sourcecode.swift; path = HostApp.swift; sourceTree = "<group>"; };
		F10000020000000000000001 /* Session+Mock.swift */ = {isa = PBXFileReference; lastKnownFileType = sourcecode.swift; path = "Session+Mock.swift"; sourceTree = "<group>"; };
		FK0000020000000000000001 /* ForkSessionTests.swift */ = {isa = PBXFileReference; lastKnownFileType = sourcecode.swift; path = ForkSessionTests.swift; sourceTree = "<group>"; };
		FT0000020000000000000001 /* WorkspaceFileTests.swift */ = {isa = PBXFileReference; lastKnownFileType = sourcecode.swift; path = WorkspaceFileTests.swift; sourceTree = "<group>"; };
		FT0000020000000000000002 /* FocusTerminalTests.swift */ = {isa = PBXFileReference; lastKnownFileType = sourcecode.swift; path = FocusTerminalTests.swift; sourceTree = "<group>"; };
		HMT000020000000000000001 /* HistoryManagerTests.swift */ = {isa = PBXFileReference; lastKnownFileType = sourcecode.swift; path = HistoryManagerTests.swift; sourceTree = "<group>"; };
		JMT000020000000000000001 /* NavigateControllerTests.swift */ = {isa = PBXFileReference; lastKnownFileType = sourcecode.swift; path = NavigateControllerTests.swift; sourceTree = "<group>"; };
		G10000020000000000000001 /* FloatingPanel.swift */ = {isa = PBXFileReference; lastKnownFileType = sourcecode.swift; path = FloatingPanel.swift; sourceTree = "<group>"; };
		G10000040000000000000001 /* AppDelegate.swift */ = {isa = PBXFileReference; lastKnownFileType = sourcecode.swift; path = AppDelegate.swift; sourceTree = "<group>"; };
		H10000020000000000000001 /* AppSettings.swift */ = {isa = PBXFileReference; lastKnownFileType = sourcecode.swift; path = AppSettings.swift; sourceTree = "<group>"; };
		FX0000020000000000000001 /* HookInputTests.swift */ = {isa = PBXFileReference; lastKnownFileType = sourcecode.swift; path = HookInputTests.swift; sourceTree = "<group>"; };
		CPT000020000000000000001 /* CodexPluginInstallerTests.swift */ = {isa = PBXFileReference; lastKnownFileType = sourcecode.swift; path = CodexPluginInstallerTests.swift; sourceTree = "<group>"; };
		CIMT00020000000000000001 /* CodexIntegrationManagerTests.swift */ = {isa = PBXFileReference; lastKnownFileType = sourcecode.swift; path = CodexIntegrationManagerTests.swift; sourceTree = "<group>"; };
		CPTOML020000000000000001 /* CodexPluginTomlTests.swift */ = {isa = PBXFileReference; lastKnownFileType = sourcecode.swift; path = CodexPluginTomlTests.swift; sourceTree = "<group>"; };
		PMCCD0020000000000000001 /* PluginManagerCcDetectionTests.swift */ = {isa = PBXFileReference; lastKnownFileType = sourcecode.swift; path = PluginManagerCcDetectionTests.swift; sourceTree = "<group>"; };
		HH0000020000000000000001 /* HookHandlerTests.swift */ = {isa = PBXFileReference; lastKnownFileType = sourcecode.swift; path = HookHandlerTests.swift; sourceTree = "<group>"; };
		HT0000020000000000000001 /* HookEventTests.swift */ = {isa = PBXFileReference; lastKnownFileType = sourcecode.swift; path = HookEventTests.swift; sourceTree = "<group>"; };
		J10000020000000000000001 /* SettingsSection.swift */ = {isa = PBXFileReference; lastKnownFileType = sourcecode.swift; path = SettingsSection.swift; sourceTree = "<group>"; };
		CDXROW020000000000000001 /* CodexPluginRowView.swift */ = {isa = PBXFileReference; lastKnownFileType = sourcecode.swift; path = CodexPluginRowView.swift; sourceTree = "<group>"; };
		ATH000020000000000000001 /* AppTheme.swift */ = {isa = PBXFileReference; lastKnownFileType = sourcecode.swift; path = AppTheme.swift; sourceTree = "<group>"; };
		AGB000020000000000000001 /* AgentBadge.swift */ = {isa = PBXFileReference; lastKnownFileType = sourcecode.swift; path = AgentBadge.swift; sourceTree = "<group>"; };
		TMG000020000000000000001 /* ThemeManager.swift */ = {isa = PBXFileReference; lastKnownFileType = sourcecode.swift; path = ThemeManager.swift; sourceTree = "<group>"; };
		K10000020000000000000001 /* Color+Theme.swift */ = {isa = PBXFileReference; lastKnownFileType = sourcecode.swift; path = "Color+Theme.swift"; sourceTree = "<group>"; };
		L10000020000000000000001 /* EmptyStateView.swift */ = {isa = PBXFileReference; lastKnownFileType = sourcecode.swift; path = EmptyStateView.swift; sourceTree = "<group>"; };
		M10000010000000000000001 /* CctopMenubar.entitlements */ = {isa = PBXFileReference; lastKnownFileType = text.plist.entitlements; path = CctopMenubar.entitlements; sourceTree = "<group>"; };
		N10000020000000000000001 /* SessionStatus+UI.swift */ = {isa = PBXFileReference; lastKnownFileType = sourcecode.swift; path = "SessionStatus+UI.swift"; sourceTree = "<group>"; };
		AB0000020000000000000001 /* AboutView.swift */ = {isa = PBXFileReference; lastKnownFileType = sourcecode.swift; path = AboutView.swift; sourceTree = "<group>"; };
		MIR000020000000000000001 /* MenubarIconRenderer.swift */ = {isa = PBXFileReference; lastKnownFileType = sourcecode.swift; path = MenubarIconRenderer.swift; sourceTree = "<group>"; };
		OB0000020000000000000001 /* OpenCodeBanner.swift */ = {isa = PBXFileReference; lastKnownFileType = sourcecode.swift; path = OpenCodeBanner.swift; sourceTree = "<group>"; };
		RP0000020000000000000001 /* RecentProject.swift */ = {isa = PBXFileReference; lastKnownFileType = sourcecode.swift; path = RecentProject.swift; sourceTree = "<group>"; };
		RPM000020000000000000001 /* RecentProject+Mock.swift */ = {isa = PBXFileReference; lastKnownFileType = sourcecode.swift; path = "RecentProject+Mock.swift"; sourceTree = "<group>"; };
		RV0000020000000000000001 /* RecentProjectCardView.swift */ = {isa = PBXFileReference; lastKnownFileType = sourcecode.swift; path = RecentProjectCardView.swift; sourceTree = "<group>"; };
		N10000040000000000000001 /* HookEvent.swift */ = {isa = PBXFileReference; lastKnownFileType = sourcecode.swift; path = HookEvent.swift; sourceTree = "<group>"; };
		N10000060000000000000001 /* Config.swift */ = {isa = PBXFileReference; lastKnownFileType = sourcecode.swift; path = Config.swift; sourceTree = "<group>"; };
		P1000000D000000000000001 /* cctop-hook */ = {isa = PBXFileReference; explicitFileType = "compiled.mach-o.executable"; includeInIndex = 0; path = "cctop-hook"; sourceTree = BUILT_PRODUCTS_DIR; };
		P10000020000000000000001 /* HookMain.swift */ = {isa = PBXFileReference; lastKnownFileType = sourcecode.swift; path = HookMain.swift; sourceTree = "<group>"; };
		P10000040000000000000001 /* HookInput.swift */ = {isa = PBXFileReference; lastKnownFileType = sourcecode.swift; path = HookInput.swift; sourceTree = "<group>"; };
		P10000060000000000000001 /* HookHandler.swift */ = {isa = PBXFileReference; lastKnownFileType = sourcecode.swift; path = HookHandler.swift; sourceTree = "<group>"; };
		P10000080000000000000001 /* HookLogger.swift */ = {isa = PBXFileReference; lastKnownFileType = sourcecode.swift; path = HookLogger.swift; sourceTree = "<group>"; };
		HD0000030000000000000001 /* HookDependencies.swift */ = {isa = PBXFileReference; lastKnownFileType = sourcecode.swift; path = HookDependencies.swift; sourceTree = "<group>"; };
		HM0000020000000000000001 /* HistoryManager.swift */ = {isa = PBXFileReference; lastKnownFileType = sourcecode.swift; path = HistoryManager.swift; sourceTree = "<group>"; };
		JM0000020000000000000001 /* NavigateController.swift */ = {isa = PBXFileReference; lastKnownFileType = sourcecode.swift; path = NavigateController.swift; sourceTree = "<group>"; };
		PC0000020000000000000001 /* PanelCoordinator.swift */ = {isa = PBXFileReference; lastKnownFileType = sourcecode.swift; path = PanelCoordinator.swift; sourceTree = "<group>"; };
		PM0000020000000000000001 /* PluginManager.swift */ = {isa = PBXFileReference; lastKnownFileType = sourcecode.swift; path = PluginManager.swift; sourceTree = "<group>"; };
		CIM000020000000000000001 /* CodexIntegrationManager.swift */ = {isa = PBXFileReference; lastKnownFileType = sourcecode.swift; path = CodexIntegrationManager.swift; sourceTree = "<group>"; };
		CSF000020000000000000001 /* CodexSetupFlow.swift */ = {isa = PBXFileReference; lastKnownFileType = sourcecode.swift; path = CodexSetupFlow.swift; sourceTree = "<group>"; };
		CPI000020000000000000001 /* CodexPluginInstaller.swift */ = {isa = PBXFileReference; lastKnownFileType = sourcecode.swift; path = CodexPluginInstaller.swift; sourceTree = "<group>"; };
		CCT000020000000000000001 /* CodexConfigToml.swift */ = {isa = PBXFileReference; lastKnownFileType = sourcecode.swift; path = CodexConfigToml.swift; sourceTree = "<group>"; };
		Q10000020000000000000001 /* QASnapshotTests.swift */ = {isa = PBXFileReference; lastKnownFileType = sourcecode.swift; path = QASnapshotTests.swift; sourceTree = "<group>"; };
		SN0000020000000000000001 /* SessionNameLookup.swift */ = {isa = PBXFileReference; lastKnownFileType = sourcecode.swift; path = SessionNameLookup.swift; sourceTree = "<group>"; };
		SN0000040000000000000001 /* SessionNameLookupTests.swift */ = {isa = PBXFileReference; lastKnownFileType = sourcecode.swift; path = SessionNameLookupTests.swift; sourceTree = "<group>"; };
		SP0000020000000000000001 /* SparkleUpdater.swift */ = {isa = PBXFileReference; lastKnownFileType = sourcecode.swift; path = SparkleUpdater.swift; sourceTree = "<group>"; };
		T10000020000000000000001 /* SessionTests.swift */ = {isa = PBXFileReference; lastKnownFileType = sourcecode.swift; path = SessionTests.swift; sourceTree = "<group>"; };
		SFF000020000000000000001 /* SessionFileFormatTests.swift */ = {isa = PBXFileReference; lastKnownFileType = sourcecode.swift; path = SessionFileFormatTests.swift; sourceTree = "<group>"; };
		AGT000020000000000000001 /* AgentBadgeTests.swift */ = {isa = PBXFileReference; lastKnownFileType = sourcecode.swift; path = AgentBadgeTests.swift; sourceTree = "<group>"; };
		QSC000020000000000000001 /* QaShowcaseCoverageTests.swift */ = {isa = PBXFileReference; lastKnownFileType = sourcecode.swift; path = QaShowcaseCoverageTests.swift; sourceTree = "<group>"; };
		T10000040000000000000001 /* SessionStatusTests.swift */ = {isa = PBXFileReference; lastKnownFileType = sourcecode.swift; path = SessionStatusTests.swift; sourceTree = "<group>"; };
		T10000060000000000000001 /* CctopMenubarTests.xctest */ = {isa = PBXFileReference; explicitFileType = wrapper.cfbundle; includeInIndex = 0; path = CctopMenubarTests.xctest; sourceTree = BUILT_PRODUCTS_DIR; };
		T10000060000000000000002 /* SnapshotTests.swift */ = {isa = PBXFileReference; lastKnownFileType = sourcecode.swift; path = SnapshotTests.swift; sourceTree = "<group>"; };
		T10000080000000000000002 /* AppSettingsTests.swift */ = {isa = PBXFileReference; lastKnownFileType = sourcecode.swift; path = AppSettingsTests.swift; sourceTree = "<group>"; };
		PT0000020000000000000001 /* PanelToggleTests.swift */ = {isa = PBXFileReference; lastKnownFileType = sourcecode.swift; path = PanelToggleTests.swift; sourceTree = "<group>"; };
		PCT000020000000000000001 /* PanelCoordinatorTests.swift */ = {isa = PBXFileReference; lastKnownFileType = sourcecode.swift; path = PanelCoordinatorTests.swift; sourceTree = "<group>"; };
		NSN000020000000000000001 /* NSScreen+Notch.swift */ = {isa = PBXFileReference; lastKnownFileType = sourcecode.swift; path = "NSScreen+Notch.swift"; sourceTree = "<group>"; };
		NPB000020000000000000001 /* NSPasteboard+Copy.swift */ = {isa = PBXFileReference; lastKnownFileType = sourcecode.swift; path = "NSPasteboard+Copy.swift"; sourceTree = "<group>"; };
		NSP000020000000000000001 /* NotchStatusPanel.swift */ = {isa = PBXFileReference; lastKnownFileType = sourcecode.swift; path = NotchStatusPanel.swift; sourceTree = "<group>"; };
		NSV000020000000000000001 /* NotchStatusView.swift */ = {isa = PBXFileReference; lastKnownFileType = sourcecode.swift; path = NotchStatusView.swift; sourceTree = "<group>"; };
		NSC000020000000000000001 /* NotchStatusController.swift */ = {isa = PBXFileReference; lastKnownFileType = sourcecode.swift; path = NotchStatusController.swift; sourceTree = "<group>"; };
		STC000020000000000000001 /* StatusColors.swift */ = {isa = PBXFileReference; lastKnownFileType = sourcecode.swift; path = StatusColors.swift; sourceTree = "<group>"; };
		SDP000020000000000000001 /* SessionDisplayPolicy.swift */ = {isa = PBXFileReference; lastKnownFileType = sourcecode.swift; path = SessionDisplayPolicy.swift; sourceTree = "<group>"; };
		SCN000020000000000000001 /* StatusCounts.swift */ = {isa = PBXFileReference; lastKnownFileType = sourcecode.swift; path = StatusCounts.swift; sourceTree = "<group>"; };
		MRT000020000000000000001 /* MenubarIconRendererTests.swift */ = {isa = PBXFileReference; lastKnownFileType = sourcecode.swift; path = MenubarIconRendererTests.swift; sourceTree = "<group>"; };
		SCT000020000000000000001 /* StatusCountsTests.swift */ = {isa = PBXFileReference; lastKnownFileType = sourcecode.swift; path = StatusCountsTests.swift; sourceTree = "<group>"; };
		HVT000020000000000000001 /* StatusCountsSessionInitTests.swift */ = {isa = PBXFileReference; lastKnownFileType = sourcecode.swift; path = StatusCountsSessionInitTests.swift; sourceTree = "<group>"; };
		SDPT00020000000000000001 /* SessionDisplayPolicyTests.swift */ = {isa = PBXFileReference; lastKnownFileType = sourcecode.swift; path = SessionDisplayPolicyTests.swift; sourceTree = "<group>"; };
		NVT000020000000000000001 /* NotchVisibilityTests.swift */ = {isa = PBXFileReference; lastKnownFileType = sourcecode.swift; path = NotchVisibilityTests.swift; sourceTree = "<group>"; };
		PPO000020000000000000001 /* PanelPositioning.swift */ = {isa = PBXFileReference; lastKnownFileType = sourcecode.swift; path = PanelPositioning.swift; sourceTree = "<group>"; };
		PLT000020000000000000001 /* PanelLifecycleTests.swift */ = {isa = PBXFileReference; lastKnownFileType = sourcecode.swift; path = PanelLifecycleTests.swift; sourceTree = "<group>"; };
		PPT000020000000000000001 /* PanelPositioningTests.swift */ = {isa = PBXFileReference; lastKnownFileType = sourcecode.swift; path = PanelPositioningTests.swift; sourceTree = "<group>"; };
		FST000020000000000000001 /* FocusStrategyTests.swift */ = {isa = PBXFileReference; lastKnownFileType = sourcecode.swift; path = FocusStrategyTests.swift; sourceTree = "<group>"; };
		MFT000020000000000000001 /* MultiplexerFocusTests.swift */ = {isa = PBXFileReference; lastKnownFileType = sourcecode.swift; path = MultiplexerFocusTests.swift; sourceTree = "<group>"; };
		TMT000020000000000000001 /* ThemeManagerTests.swift */ = {isa = PBXFileReference; lastKnownFileType = sourcecode.swift; path = ThemeManagerTests.swift; sourceTree = "<group>"; };
/* End PBXFileReference section */

/* Begin PBXFrameworksBuildPhase section */
		A10000040000000000000001 /* Frameworks */ = {
			isa = PBXFrameworksBuildPhase;
			buildActionMask = 2147483647;
			files = (
				9C7FB5862F422A830090B18A /* KeyboardShortcuts in Frameworks */,
				9C7FB58D2F422D1E0090B18A /* Sparkle in Frameworks */,
				TOMLDEC0100000000000001 /* TOMLDecoder in Frameworks */,
			);
			runOnlyForDeploymentPostprocessing = 0;
		};
		P1000000E000000000000001 /* Frameworks */ = {
			isa = PBXFrameworksBuildPhase;
			buildActionMask = 2147483647;
			files = (
				TOMLDEC0100000000000002 /* TOMLDecoder in Frameworks */,
			);
			runOnlyForDeploymentPostprocessing = 0;
		};
		T10000070000000000000001 /* Frameworks */ = {
			isa = PBXFrameworksBuildPhase;
			buildActionMask = 2147483647;
			files = (
			);
			runOnlyForDeploymentPostprocessing = 0;
		};
/* End PBXFrameworksBuildPhase section */

/* Begin PBXGroup section */
		9C7FB5882F422CF50090B18A /* Frameworks */ = {
			isa = PBXGroup;
			children = (
			);
			name = Frameworks;
			sourceTree = "<group>";
		};
		A1000000A000000000000001 /* Services */ = {
			isa = PBXGroup;
			children = (
				C10000020000000000000001 /* SessionManager.swift */,
				SLP000020000000000000001 /* SessionLifecyclePolicy.swift */,
				SIP000020000000000000001 /* SessionIdentityPolicy.swift */,
				DCL000020000000000000001 /* DesktopAppConnectionLookup.swift */,
				CTA000020000000000000001 /* CodexThreadArchiveLookup.swift */,
				CTP000020000000000000001 /* CodexThreadArchiveLookup+Placement.swift */,
				CTS000020000000000000001 /* CodexThreadStateTypes.swift */,
				CDA000020000000000000001 /* ClaudeDesktopSessionArchiveLookup.swift */,
				CDRP00020000000000000001 /* CodexDesktopRuntimeProbe.swift */,
				SMA000020000000000000001 /* SessionManager+Archive.swift */,
				SML000020000000000000001 /* SessionManager+Loading.swift */,
				HM0000020000000000000001 /* HistoryManager.swift */,
				E10000020000000000000001 /* FocusTerminal.swift */,
				SP0000020000000000000001 /* SparkleUpdater.swift */,
				PM0000020000000000000001 /* PluginManager.swift */,
				CIM000020000000000000001 /* CodexIntegrationManager.swift */,
				CSF000020000000000000001 /* CodexSetupFlow.swift */,
				CPI000020000000000000001 /* CodexPluginInstaller.swift */,
				CCT000020000000000000001 /* CodexConfigToml.swift */,
				JM0000020000000000000001 /* NavigateController.swift */,
				PC0000020000000000000001 /* PanelCoordinator.swift */,
				NSC000020000000000000001 /* NotchStatusController.swift */,
			);
			path = Services;
			sourceTree = "<group>";
		};
		A10000050000000000000001 = {
			isa = PBXGroup;
			children = (
				A10000060000000000000001 /* CctopMenubar */,
				T10000080000000000000001 /* CctopMenubarTests */,
				9C7FB5882F422CF50090B18A /* Frameworks */,
				A10000070000000000000001 /* Products */,
			);
			sourceTree = "<group>";
		};
		A10000060000000000000001 /* CctopMenubar */ = {
			isa = PBXGroup;
			children = (
				AC0000020000000000000001 /* Assets.xcassets */,
				M10000010000000000000001 /* CctopMenubar.entitlements */,
				A10000020000000000000001 /* CctopApp.swift */,
				G10000040000000000000001 /* AppDelegate.swift */,
				G10000020000000000000001 /* FloatingPanel.swift */,
				A10000080000000000000001 /* Models */,
				A10000090000000000000001 /* Views */,
				A1000000A000000000000001 /* Services */,
				P1000000F000000000000001 /* Hook */,
				EXT000010000000000000001 /* Extensions */,
			);
			path = CctopMenubar;
			sourceTree = "<group>";
		};
		A10000070000000000000001 /* Products */ = {
			isa = PBXGroup;
			children = (
				A10000030000000000000001 /* CctopMenubar.app */,
				T10000060000000000000001 /* CctopMenubarTests.xctest */,
				P1000000D000000000000001 /* cctop-hook */,
			);
			name = Products;
			sourceTree = "<group>";
		};
		A10000080000000000000001 /* Models */ = {
			isa = PBXGroup;
			children = (
				B10000020000000000000001 /* Session.swift */,
				B10000040000000000000001 /* SessionStatus.swift */,
				N10000040000000000000001 /* HookEvent.swift */,
				N10000060000000000000001 /* Config.swift */,
				F10000020000000000000001 /* Session+Mock.swift */,
				H10000020000000000000001 /* AppSettings.swift */,
				ATH000020000000000000001 /* AppTheme.swift */,
				AGB000020000000000000001 /* AgentBadge.swift */,
				TMG000020000000000000001 /* ThemeManager.swift */,
				K10000020000000000000001 /* Color+Theme.swift */,
				RP0000020000000000000001 /* RecentProject.swift */,
				RPM000020000000000000001 /* RecentProject+Mock.swift */,
				EK0000020000000000000001 /* HostApp.swift */,
				STC000020000000000000001 /* StatusColors.swift */,
				SDP000020000000000000001 /* SessionDisplayPolicy.swift */,
				SCN000020000000000000001 /* StatusCounts.swift */,
				PPO000020000000000000001 /* PanelPositioning.swift */,
			);
			path = Models;
			sourceTree = "<group>";
		};
		A10000090000000000000001 /* Views */ = {
			isa = PBXGroup;
			children = (
				D10000020000000000000001 /* StatusChip.swift */,
				D10000040000000000000001 /* HeaderView.swift */,
				D10000060000000000000001 /* SessionCardView.swift */,
				SBV000020000000000000001 /* SourceBadgeView.swift */,
				D10000080000000000000001 /* PopupView.swift */,
				PVH000020000000000000001 /* PopupViewHelpers.swift */,
				D1000000A000000000000001 /* QuitButton.swift */,
				J10000020000000000000001 /* SettingsSection.swift */,
				CDXROW020000000000000001 /* CodexPluginRowView.swift */,
				L10000020000000000000001 /* EmptyStateView.swift */,
				N10000020000000000000001 /* SessionStatus+UI.swift */,
				RV0000020000000000000001 /* RecentProjectCardView.swift */,
				OB0000020000000000000001 /* OpenCodeBanner.swift */,
				AB0000020000000000000001 /* AboutView.swift */,
				MIR000020000000000000001 /* MenubarIconRenderer.swift */,
				NSP000020000000000000001 /* NotchStatusPanel.swift */,
				NSV000020000000000000001 /* NotchStatusView.swift */,
			);
			path = Views;
			sourceTree = "<group>";
		};
		P1000000F000000000000001 /* Hook */ = {
			isa = PBXGroup;
			children = (
				P10000020000000000000001 /* HookMain.swift */,
				P10000040000000000000001 /* HookInput.swift */,
				P10000060000000000000001 /* HookHandler.swift */,
				HD0000030000000000000001 /* HookDependencies.swift */,
				P10000080000000000000001 /* HookLogger.swift */,
				SN0000020000000000000001 /* SessionNameLookup.swift */,
			);
			path = Hook;
			sourceTree = "<group>";
		};
		T10000080000000000000001 /* CctopMenubarTests */ = {
			isa = PBXGroup;
			children = (
				T10000020000000000000001 /* SessionTests.swift */,
				SFF000020000000000000001 /* SessionFileFormatTests.swift */,
				AGT000020000000000000001 /* AgentBadgeTests.swift */,
				QSC000020000000000000001 /* QaShowcaseCoverageTests.swift */,
				T10000040000000000000001 /* SessionStatusTests.swift */,
				T10000060000000000000002 /* SnapshotTests.swift */,
				Q10000020000000000000001 /* QASnapshotTests.swift */,
				T10000080000000000000002 /* AppSettingsTests.swift */,
				HT0000020000000000000001 /* HookEventTests.swift */,
				FX0000020000000000000001 /* HookInputTests.swift */,
				CPT000020000000000000001 /* CodexPluginInstallerTests.swift */,
				CIMT00020000000000000001 /* CodexIntegrationManagerTests.swift */,
				CPTOML020000000000000001 /* CodexPluginTomlTests.swift */,
				PMCCD0020000000000000001 /* PluginManagerCcDetectionTests.swift */,
				HH0000020000000000000001 /* HookHandlerTests.swift */,
				SN0000040000000000000001 /* SessionNameLookupTests.swift */,
				FK0000020000000000000001 /* ForkSessionTests.swift */,
				FT0000020000000000000001 /* WorkspaceFileTests.swift */,
				FT0000020000000000000002 /* FocusTerminalTests.swift */,
				JMT000020000000000000001 /* NavigateControllerTests.swift */,
				HMT000020000000000000001 /* HistoryManagerTests.swift */,
				PT0000020000000000000001 /* PanelToggleTests.swift */,
				PCT000020000000000000001 /* PanelCoordinatorTests.swift */,
				MRT000020000000000000001 /* MenubarIconRendererTests.swift */,
				SCT000020000000000000001 /* StatusCountsTests.swift */,
				HVT000020000000000000001 /* StatusCountsSessionInitTests.swift */,
				SDPT00020000000000000001 /* SessionDisplayPolicyTests.swift */,
				NVT000020000000000000001 /* NotchVisibilityTests.swift */,
				PLT000020000000000000001 /* PanelLifecycleTests.swift */,
				PPT000020000000000000001 /* PanelPositioningTests.swift */,
				FST000020000000000000001 /* FocusStrategyTests.swift */,
				MFT000020000000000000001 /* MultiplexerFocusTests.swift */,
				TMT000020000000000000001 /* ThemeManagerTests.swift */,
			);
			path = CctopMenubarTests;
			sourceTree = "<group>";
		};
		EXT000010000000000000001 /* Extensions */ = {
			isa = PBXGroup;
			children = (
				NSN000020000000000000001 /* NSScreen+Notch.swift */,
				NPB000020000000000000001 /* NSPasteboard+Copy.swift */,
			);
			path = Extensions;
			sourceTree = "<group>";
		};
/* End PBXGroup section */

/* Begin PBXNativeTarget section */
		A1000000B000000000000001 /* CctopMenubar */ = {
			isa = PBXNativeTarget;
			buildConfigurationList = A1000000C000000000000001 /* Build configuration list for PBXNativeTarget "CctopMenubar" */;
			buildPhases = (
				A1000000D000000000000001 /* Sources */,
				A10000040000000000000001 /* Frameworks */,
				AC0000030000000000000001 /* Resources */,
			);
			buildRules = (
			);
			dependencies = (
			);
			name = CctopMenubar;
			packageProductDependencies = (
				9C7FB52D2F3A0CEA0090B18A /* KeyboardShortcuts */,
				9C7FB58C2F422D1E0090B18A /* Sparkle */,
				TOMLDEC0300000000000001 /* TOMLDecoder */,
			);
			productName = CctopMenubar;
			productReference = A10000030000000000000001 /* CctopMenubar.app */;
			productType = "com.apple.product-type.application";
		};
		P10000100000000000000001 /* cctop-hook */ = {
			isa = PBXNativeTarget;
			buildConfigurationList = P10000110000000000000001 /* Build configuration list for PBXNativeTarget "cctop-hook" */;
			buildPhases = (
				P10000120000000000000001 /* Sources */,
				P1000000E000000000000001 /* Frameworks */,
			);
			buildRules = (
			);
			dependencies = (
			);
			name = "cctop-hook";
			packageProductDependencies = (
				TOMLDEC0300000000000002 /* TOMLDecoder */,
			);
			productName = "cctop-hook";
			productReference = P1000000D000000000000001 /* cctop-hook */;
			productType = "com.apple.product-type.tool";
		};
		T10000090000000000000001 /* CctopMenubarTests */ = {
			isa = PBXNativeTarget;
			buildConfigurationList = T1000000A000000000000001 /* Build configuration list for PBXNativeTarget "CctopMenubarTests" */;
			buildPhases = (
				T1000000B000000000000001 /* Sources */,
				T10000070000000000000001 /* Frameworks */,
			);
			buildRules = (
			);
			dependencies = (
				T1000000C000000000000001 /* PBXTargetDependency */,
			);
			name = CctopMenubarTests;
			productName = CctopMenubarTests;
			productReference = T10000060000000000000001 /* CctopMenubarTests.xctest */;
			productType = "com.apple.product-type.bundle.unit-test";
		};
/* End PBXNativeTarget section */

/* Begin PBXProject section */
		A1000000E000000000000001 /* Project object */ = {
			isa = PBXProject;
			attributes = {
				BuildIndependentTargetsInParallel = 1;
				LastSwiftUpdateCheck = 1620;
				LastUpgradeCheck = 1620;
			};
			buildConfigurationList = A1000000F000000000000001 /* Build configuration list for PBXProject "CctopMenubar" */;
			compatibilityVersion = "Xcode 14.0";
			developmentRegion = en;
			hasScannedForEncodings = 0;
			knownRegions = (
				en,
				Base,
			);
			mainGroup = A10000050000000000000001;
			packageReferences = (
				9C7FB52C2F3A0CEA0090B18A /* XCRemoteSwiftPackageReference "KeyboardShortcuts" */,
				9C7FB58B2F422D1E0090B18A /* XCRemoteSwiftPackageReference "Sparkle" */,
				TOMLDEC0200000000000001 /* XCRemoteSwiftPackageReference "TOMLDecoder" */,
			);
			productRefGroup = A10000070000000000000001 /* Products */;
			projectDirPath = "";
			projectRoot = "";
			targets = (
				A1000000B000000000000001 /* CctopMenubar */,
				T10000090000000000000001 /* CctopMenubarTests */,
				P10000100000000000000001 /* cctop-hook */,
			);
		};
/* End PBXProject section */

/* Begin PBXResourcesBuildPhase section */
		AC0000030000000000000001 /* Resources */ = {
			isa = PBXResourcesBuildPhase;
			buildActionMask = 2147483647;
			files = (
				AC0000010000000000000001 /* Assets.xcassets in Resources */,
			);
			runOnlyForDeploymentPostprocessing = 0;
		};
/* End PBXResourcesBuildPhase section */

/* Begin PBXSourcesBuildPhase section */
		A1000000D000000000000001 /* Sources */ = {
			isa = PBXSourcesBuildPhase;
			buildActionMask = 2147483647;
			files = (
				A10000010000000000000001 /* CctopApp.swift in Sources */,
				B10000010000000000000001 /* Session.swift in Sources */,
				B10000030000000000000001 /* SessionStatus.swift in Sources */,
				C10000010000000000000001 /* SessionManager.swift in Sources */,
				SLP000010000000000000001 /* SessionLifecyclePolicy.swift in Sources */,
				SIP000010000000000000001 /* SessionIdentityPolicy.swift in Sources */,
				DCL000010000000000000001 /* DesktopAppConnectionLookup.swift in Sources */,
				CTA000010000000000000001 /* CodexThreadArchiveLookup.swift in Sources */,
				CTP000010000000000000001 /* CodexThreadArchiveLookup+Placement.swift in Sources */,
				CTS000010000000000000001 /* CodexThreadStateTypes.swift in Sources */,
				CDA000010000000000000001 /* ClaudeDesktopSessionArchiveLookup.swift in Sources */,
				CDRP00010000000000000001 /* CodexDesktopRuntimeProbe.swift in Sources */,
				SMA000010000000000000001 /* SessionManager+Archive.swift in Sources */,
				SML000010000000000000001 /* SessionManager+Loading.swift in Sources */,
				D10000010000000000000001 /* StatusChip.swift in Sources */,
				D10000030000000000000001 /* HeaderView.swift in Sources */,
				D10000050000000000000001 /* SessionCardView.swift in Sources */,
				SBV000010000000000000001 /* SourceBadgeView.swift in Sources */,
				D10000070000000000000001 /* PopupView.swift in Sources */,
				PVH000010000000000000001 /* PopupViewHelpers.swift in Sources */,
				D10000090000000000000001 /* QuitButton.swift in Sources */,
				E10000010000000000000001 /* FocusTerminal.swift in Sources */,
				F10000010000000000000001 /* Session+Mock.swift in Sources */,
				G10000010000000000000001 /* FloatingPanel.swift in Sources */,
				G10000030000000000000001 /* AppDelegate.swift in Sources */,
				H10000010000000000000001 /* AppSettings.swift in Sources */,
				J10000010000000000000001 /* SettingsSection.swift in Sources */,
				CDXROW010000000000000001 /* CodexPluginRowView.swift in Sources */,
				ATH000010000000000000001 /* AppTheme.swift in Sources */,
				AGB000010000000000000001 /* AgentBadge.swift in Sources */,
				TMG000010000000000000001 /* ThemeManager.swift in Sources */,
				K10000010000000000000001 /* Color+Theme.swift in Sources */,
				L10000010000000000000001 /* EmptyStateView.swift in Sources */,
				SP0000010000000000000001 /* SparkleUpdater.swift in Sources */,
				PM0000010000000000000001 /* PluginManager.swift in Sources */,
				CIM000010000000000000001 /* CodexIntegrationManager.swift in Sources */,
				CSF000010000000000000001 /* CodexSetupFlow.swift in Sources */,
				CPI000010000000000000001 /* CodexPluginInstaller.swift in Sources */,
				CCT000010000000000000001 /* CodexConfigToml.swift in Sources */,
				HM0000010000000000000001 /* HistoryManager.swift in Sources */,
				JM0000010000000000000001 /* NavigateController.swift in Sources */,
				PC0000010000000000000001 /* PanelCoordinator.swift in Sources */,
				N10000010000000000000001 /* SessionStatus+UI.swift in Sources */,
				N10000030000000000000001 /* HookEvent.swift in Sources */,
				FX0000030000000000000001 /* HookInput.swift in Sources */,
				HH0000030000000000000001 /* HookHandler.swift in Sources */,
				HD0000010000000000000001 /* HookDependencies.swift in Sources */,
				HH0000050000000000000001 /* HookLogger.swift in Sources */,
				N10000050000000000000001 /* Config.swift in Sources */,
				SN0000050000000000000001 /* SessionNameLookup.swift in Sources */,
				RP0000010000000000000001 /* RecentProject.swift in Sources */,
				RV0000010000000000000001 /* RecentProjectCardView.swift in Sources */,
				OB0000010000000000000001 /* OpenCodeBanner.swift in Sources */,
				AB0000010000000000000001 /* AboutView.swift in Sources */,
				MIR000010000000000000001 /* MenubarIconRenderer.swift in Sources */,
				EK0000010000000000000001 /* HostApp.swift in Sources */,
				RPM000010000000000000001 /* RecentProject+Mock.swift in Sources */,
				NSN000010000000000000001 /* NSScreen+Notch.swift in Sources */,
				NPB000010000000000000001 /* NSPasteboard+Copy.swift in Sources */,
				NSP000010000000000000001 /* NotchStatusPanel.swift in Sources */,
				NSV000010000000000000001 /* NotchStatusView.swift in Sources */,
				NSC000010000000000000001 /* NotchStatusController.swift in Sources */,
				STC000010000000000000001 /* StatusColors.swift in Sources */,
				SDP000010000000000000001 /* SessionDisplayPolicy.swift in Sources */,
				SCN000010000000000000001 /* StatusCounts.swift in Sources */,
				PPO000010000000000000001 /* PanelPositioning.swift in Sources */,
			);
			runOnlyForDeploymentPostprocessing = 0;
		};
		P10000120000000000000001 /* Sources */ = {
			isa = PBXSourcesBuildPhase;
			buildActionMask = 2147483647;
			files = (
				P10000010000000000000001 /* HookMain.swift in Sources */,
				P10000030000000000000001 /* HookInput.swift in Sources */,
				P10000050000000000000001 /* HookHandler.swift in Sources */,
				HD0000020000000000000001 /* HookDependencies.swift in Sources */,
				P10000070000000000000001 /* HookLogger.swift in Sources */,
				SN0000010000000000000001 /* SessionNameLookup.swift in Sources */,
				P10000090000000000000001 /* Session.swift in Sources */,
				P1000000A000000000000001 /* SessionStatus.swift in Sources */,
				P1000000B000000000000001 /* HookEvent.swift in Sources */,
				P1000000C000000000000001 /* Config.swift in Sources */,
				CCTHK001000000000000001 /* CodexConfigToml.swift in Sources */,
			);
			runOnlyForDeploymentPostprocessing = 0;
		};
		T1000000B000000000000001 /* Sources */ = {
			isa = PBXSourcesBuildPhase;
			buildActionMask = 2147483647;
			files = (
				T10000010000000000000001 /* SessionTests.swift in Sources */,
				SFF000010000000000000001 /* SessionFileFormatTests.swift in Sources */,
				AGT000010000000000000001 /* AgentBadgeTests.swift in Sources */,
				QSC000010000000000000001 /* QaShowcaseCoverageTests.swift in Sources */,
				T10000030000000000000001 /* SessionStatusTests.swift in Sources */,
				T10000050000000000000002 /* SnapshotTests.swift in Sources */,
				Q10000010000000000000001 /* QASnapshotTests.swift in Sources */,
				T10000070000000000000002 /* AppSettingsTests.swift in Sources */,
				HT0000010000000000000001 /* HookEventTests.swift in Sources */,
				FX0000010000000000000001 /* HookInputTests.swift in Sources */,
				CPT000010000000000000001 /* CodexPluginInstallerTests.swift in Sources */,
				CIMT00010000000000000001 /* CodexIntegrationManagerTests.swift in Sources */,
				CPTOML010000000000000001 /* CodexPluginTomlTests.swift in Sources */,
				PMCCD0010000000000000001 /* PluginManagerCcDetectionTests.swift in Sources */,
				HH0000010000000000000001 /* HookHandlerTests.swift in Sources */,
				SN0000030000000000000001 /* SessionNameLookupTests.swift in Sources */,
				FK0000010000000000000001 /* ForkSessionTests.swift in Sources */,
				FT0000010000000000000001 /* WorkspaceFileTests.swift in Sources */,
				FT0000010000000000000002 /* FocusTerminalTests.swift in Sources */,
				JMT000010000000000000001 /* NavigateControllerTests.swift in Sources */,
				HMT000010000000000000001 /* HistoryManagerTests.swift in Sources */,
				PT0000010000000000000001 /* PanelToggleTests.swift in Sources */,
				PCT000010000000000000001 /* PanelCoordinatorTests.swift in Sources */,
				MRT000010000000000000001 /* MenubarIconRendererTests.swift in Sources */,
				SCT000010000000000000001 /* StatusCountsTests.swift in Sources */,
				HVT000010000000000000001 /* StatusCountsSessionInitTests.swift in Sources */,
				SDPT00010000000000000001 /* SessionDisplayPolicyTests.swift in Sources */,
				NVT000010000000000000001 /* NotchVisibilityTests.swift in Sources */,
				PLT000010000000000000001 /* PanelLifecycleTests.swift in Sources */,
				PPT000010000000000000001 /* PanelPositioningTests.swift in Sources */,
				FST000010000000000000001 /* FocusStrategyTests.swift in Sources */,
				MFT000010000000000000001 /* MultiplexerFocusTests.swift in Sources */,
				TMT000010000000000000001 /* ThemeManagerTests.swift in Sources */,
			);
			runOnlyForDeploymentPostprocessing = 0;
		};
/* End PBXSourcesBuildPhase section */

/* Begin PBXTargetDependency section */
		T1000000C000000000000001 /* PBXTargetDependency */ = {
			isa = PBXTargetDependency;
			target = A1000000B000000000000001 /* CctopMenubar */;
			targetProxy = T10000050000000000000001 /* PBXContainerItemProxy */;
		};
/* End PBXTargetDependency section */

/* Begin XCBuildConfiguration section */
		A10000100000000000000001 /* Debug */ = {
			isa = XCBuildConfiguration;
			buildSettings = {
				ALWAYS_SEARCH_USER_PATHS = NO;
				ASSETCATALOG_COMPILER_GENERATE_SWIFT_ASSET_SYMBOL_EXTENSIONS = YES;
				CLANG_ANALYZER_NONNULL = YES;
				CLANG_CXX_LANGUAGE_STANDARD = "gnu++20";
				CLANG_ENABLE_MODULES = YES;
				CLANG_ENABLE_OBJC_ARC = YES;
				COPY_PHASE_STRIP = NO;
				DEBUG_INFORMATION_FORMAT = dwarf;
				ENABLE_STRICT_OBJC_MSGSEND = YES;
				ENABLE_TESTABILITY = YES;
				GCC_DYNAMIC_NO_PIC = NO;
				GCC_OPTIMIZATION_LEVEL = 0;
				GCC_PREPROCESSOR_DEFINITIONS = (
					"DEBUG=1",
					"$(inherited)",
				);
				GCC_WARN_64_TO_32_BIT_CONVERSION = YES;
				GCC_WARN_ABOUT_RETURN_TYPE = YES_ERROR;
				GCC_WARN_UNDECLARED_SELECTOR = YES;
				GCC_WARN_UNINITIALIZED_AUTOS = YES_AGGRESSIVE;
				GCC_WARN_UNUSED_FUNCTION = YES;
				GCC_WARN_UNUSED_VARIABLE = YES;
				MACOSX_DEPLOYMENT_TARGET = 13.0;
				MTL_ENABLE_DEBUG_INFO = INCLUDE_SOURCE;
				MTL_FAST_MATH = YES;
				ONLY_ACTIVE_ARCH = YES;
				SDKROOT = macosx;
				SWIFT_ACTIVE_COMPILATION_CONDITIONS = "$(inherited) DEBUG";
				SWIFT_OPTIMIZATION_LEVEL = "-Onone";
			};
			name = Debug;
		};
		A10000110000000000000001 /* Release */ = {
			isa = XCBuildConfiguration;
			buildSettings = {
				ALWAYS_SEARCH_USER_PATHS = NO;
				ASSETCATALOG_COMPILER_GENERATE_SWIFT_ASSET_SYMBOL_EXTENSIONS = YES;
				CLANG_ANALYZER_NONNULL = YES;
				CLANG_CXX_LANGUAGE_STANDARD = "gnu++20";
				CLANG_ENABLE_MODULES = YES;
				CLANG_ENABLE_OBJC_ARC = YES;
				COPY_PHASE_STRIP = NO;
				DEBUG_INFORMATION_FORMAT = "dwarf-with-dsym";
				ENABLE_NS_ASSERTIONS = NO;
				ENABLE_STRICT_OBJC_MSGSEND = YES;
				GCC_WARN_64_TO_32_BIT_CONVERSION = YES;
				GCC_WARN_ABOUT_RETURN_TYPE = YES_ERROR;
				GCC_WARN_UNDECLARED_SELECTOR = YES;
				GCC_WARN_UNINITIALIZED_AUTOS = YES_AGGRESSIVE;
				GCC_WARN_UNUSED_FUNCTION = YES;
				GCC_WARN_UNUSED_VARIABLE = YES;
				MACOSX_DEPLOYMENT_TARGET = 13.0;
				MTL_FAST_MATH = YES;
				SDKROOT = macosx;
				SWIFT_COMPILATION_MODE = wholemodule;
			};
			name = Release;
		};
		A10000120000000000000001 /* Debug */ = {
			isa = XCBuildConfiguration;
			buildSettings = {
				ASSETCATALOG_COMPILER_APPICON_NAME = AppIcon;
				CODE_SIGN_ENTITLEMENTS = CctopMenubar/CctopMenubar.entitlements;
				CODE_SIGN_STYLE = Manual;
				COMBINE_HIDPI_IMAGES = YES;
				CURRENT_PROJECT_VERSION = 1703;
				ENABLE_HARDENED_RUNTIME = YES;
				GENERATE_INFOPLIST_FILE = YES;
				INFOPLIST_FILE = CctopMenubar/Info.plist;
				INFOPLIST_KEY_LSUIElement = YES;
				INFOPLIST_KEY_NSAppleEventsUsageDescription = "cctop needs to control terminal apps to focus the correct window when you click a session.";
				INFOPLIST_KEY_NSHumanReadableCopyright = "";
				INFOPLIST_KEY_NSMainStoryboardFile = "";
				LD_RUNPATH_SEARCH_PATHS = "@executable_path/../Frameworks";
				MARKETING_VERSION = 0.17.3;
				OTHER_LDFLAGS = "-lsqlite3";
				PRODUCT_BUNDLE_IDENTIFIER = com.st0012.CctopMenubar;
				PRODUCT_NAME = "$(TARGET_NAME)";
				SWIFT_ACTIVE_COMPILATION_CONDITIONS = "$(inherited) ENABLE_SPARKLE";
				SWIFT_EMIT_LOC_STRINGS = YES;
				SWIFT_VERSION = 5.0;
			};
			name = Debug;
		};
		A10000130000000000000001 /* Release */ = {
			isa = XCBuildConfiguration;
			buildSettings = {
				ASSETCATALOG_COMPILER_APPICON_NAME = AppIcon;
				CODE_SIGN_ENTITLEMENTS = CctopMenubar/CctopMenubar.entitlements;
				CODE_SIGN_STYLE = Manual;
				COMBINE_HIDPI_IMAGES = YES;
				CURRENT_PROJECT_VERSION = 1703;
				ENABLE_HARDENED_RUNTIME = YES;
				GENERATE_INFOPLIST_FILE = YES;
				INFOPLIST_FILE = CctopMenubar/Info.plist;
				INFOPLIST_KEY_LSUIElement = YES;
				INFOPLIST_KEY_NSAppleEventsUsageDescription = "cctop needs to control terminal apps to focus the correct window when you click a session.";
				INFOPLIST_KEY_NSHumanReadableCopyright = "";
				INFOPLIST_KEY_NSMainStoryboardFile = "";
				LD_RUNPATH_SEARCH_PATHS = "@executable_path/../Frameworks";
				MARKETING_VERSION = 0.17.3;
				OTHER_LDFLAGS = "-lsqlite3";
				PRODUCT_BUNDLE_IDENTIFIER = com.st0012.CctopMenubar;
				PRODUCT_NAME = "$(TARGET_NAME)";
				SWIFT_ACTIVE_COMPILATION_CONDITIONS = "$(inherited) ENABLE_SPARKLE";
				SWIFT_EMIT_LOC_STRINGS = YES;
				SWIFT_VERSION = 5.0;
			};
			name = Release;
		};
		P10000130000000000000001 /* Debug */ = {
			isa = XCBuildConfiguration;
			buildSettings = {
				CODE_SIGN_STYLE = Manual;
				CURRENT_PROJECT_VERSION = 1703;
				MACOSX_DEPLOYMENT_TARGET = 13.0;
				MARKETING_VERSION = 0.17.3;
				PRODUCT_NAME = "cctop-hook";
				SWIFT_VERSION = 5.0;
			};
			name = Debug;
		};
		P10000140000000000000001 /* Release */ = {
			isa = XCBuildConfiguration;
			buildSettings = {
				CODE_SIGN_STYLE = Manual;
				CURRENT_PROJECT_VERSION = 1703;
				MACOSX_DEPLOYMENT_TARGET = 13.0;
				MARKETING_VERSION = 0.17.3;
				PRODUCT_NAME = "cctop-hook";
				SWIFT_VERSION = 5.0;
			};
			name = Release;
		};
		T1000000D000000000000001 /* Debug */ = {
			isa = XCBuildConfiguration;
			buildSettings = {
				BUNDLE_LOADER = "$(TEST_HOST)";
				CODE_SIGN_STYLE = Manual;
				CURRENT_PROJECT_VERSION = 1703;
				GENERATE_INFOPLIST_FILE = YES;
				MACOSX_DEPLOYMENT_TARGET = 13.0;
				MARKETING_VERSION = 0.17.3;
				PRODUCT_BUNDLE_IDENTIFIER = com.st0012.CctopMenubarTests;
				PRODUCT_NAME = "$(TARGET_NAME)";
				SWIFT_EMIT_LOC_STRINGS = NO;
				SWIFT_VERSION = 5.0;
				TEST_HOST = "$(BUILT_PRODUCTS_DIR)/CctopMenubar.app/Contents/MacOS/CctopMenubar";
			};
			name = Debug;
		};
		T1000000E000000000000001 /* Release */ = {
			isa = XCBuildConfiguration;
			buildSettings = {
				BUNDLE_LOADER = "$(TEST_HOST)";
				CODE_SIGN_STYLE = Manual;
				CURRENT_PROJECT_VERSION = 1703;
				GENERATE_INFOPLIST_FILE = YES;
				MACOSX_DEPLOYMENT_TARGET = 13.0;
				MARKETING_VERSION = 0.17.3;
				PRODUCT_BUNDLE_IDENTIFIER = com.st0012.CctopMenubarTests;
				PRODUCT_NAME = "$(TARGET_NAME)";
				SWIFT_EMIT_LOC_STRINGS = NO;
				SWIFT_VERSION = 5.0;
				TEST_HOST = "$(BUILT_PRODUCTS_DIR)/CctopMenubar.app/Contents/MacOS/CctopMenubar";
			};
			name = Release;
		};
/* End XCBuildConfiguration section */

/* Begin XCConfigurationList section */
		A1000000C000000000000001 /* Build configuration list for PBXNativeTarget "CctopMenubar" */ = {
			isa = XCConfigurationList;
			buildConfigurations = (
				A10000120000000000000001 /* Debug */,
				A10000130000000000000001 /* Release */,
			);
			defaultConfigurationIsVisible = 0;
			defaultConfigurationName = Release;
		};
		A1000000F000000000000001 /* Build configuration list for PBXProject "CctopMenubar" */ = {
			isa = XCConfigurationList;
			buildConfigurations = (
				A10000100000000000000001 /* Debug */,
				A10000110000000000000001 /* Release */,
			);
			defaultConfigurationIsVisible = 0;
			defaultConfigurationName = Release;
		};
		P10000110000000000000001 /* Build configuration list for PBXNativeTarget "cctop-hook" */ = {
			isa = XCConfigurationList;
			buildConfigurations = (
				P10000130000000000000001 /* Debug */,
				P10000140000000000000001 /* Release */,
			);
			defaultConfigurationIsVisible = 0;
			defaultConfigurationName = Release;
		};
		T1000000A000000000000001 /* Build configuration list for PBXNativeTarget "CctopMenubarTests" */ = {
			isa = XCConfigurationList;
			buildConfigurations = (
				T1000000D000000000000001 /* Debug */,
				T1000000E000000000000001 /* Release */,
			);
			defaultConfigurationIsVisible = 0;
			defaultConfigurationName = Release;
		};
/* End XCConfigurationList section */

/* Begin XCRemoteSwiftPackageReference section */
		9C7FB52C2F3A0CEA0090B18A /* XCRemoteSwiftPackageReference "KeyboardShortcuts" */ = {
			isa = XCRemoteSwiftPackageReference;
			repositoryURL = "https://github.com/sindresorhus/KeyboardShortcuts";
			requirement = {
				kind = upToNextMajorVersion;
				minimumVersion = 2.4.0;
			};
		};
		9C7FB58B2F422D1E0090B18A /* XCRemoteSwiftPackageReference "Sparkle" */ = {
			isa = XCRemoteSwiftPackageReference;
			repositoryURL = "https://github.com/sparkle-project/Sparkle";
			requirement = {
				kind = upToNextMajorVersion;
				minimumVersion = 2.9.1;
			};
		};
		TOMLDEC0200000000000001 /* XCRemoteSwiftPackageReference "TOMLDecoder" */ = {
			isa = XCRemoteSwiftPackageReference;
			repositoryURL = "https://github.com/dduan/TOMLDecoder";
			requirement = {
				kind = upToNextMajorVersion;
				minimumVersion = 0.4.4;
			};
		};
/* End XCRemoteSwiftPackageReference section */

/* Begin XCSwiftPackageProductDependency section */
		9C7FB52D2F3A0CEA0090B18A /* KeyboardShortcuts */ = {
			isa = XCSwiftPackageProductDependency;
			package = 9C7FB52C2F3A0CEA0090B18A /* XCRemoteSwiftPackageReference "KeyboardShortcuts" */;
			productName = KeyboardShortcuts;
		};
		9C7FB58C2F422D1E0090B18A /* Sparkle */ = {
			isa = XCSwiftPackageProductDependency;
			package = 9C7FB58B2F422D1E0090B18A /* XCRemoteSwiftPackageReference "Sparkle" */;
			productName = Sparkle;
		};
		TOMLDEC0300000000000001 /* TOMLDecoder */ = {
			isa = XCSwiftPackageProductDependency;
			package = TOMLDEC0200000000000001 /* XCRemoteSwiftPackageReference "TOMLDecoder" */;
			productName = TOMLDecoder;
		};
		TOMLDEC0300000000000002 /* TOMLDecoder */ = {
			isa = XCSwiftPackageProductDependency;
			package = TOMLDEC0200000000000001 /* XCRemoteSwiftPackageReference "TOMLDecoder" */;
			productName = TOMLDecoder;
		};
/* End XCSwiftPackageProductDependency section */
	};
	rootObject = A1000000E000000000000001 /* Project object */;
}
